[root]
name = "kay_codegen"
version = "0.1.0"
dependencies = [
 "glob 0.2.11 (registry+https://github.com/rust-lang/crates.io-index)",
 "ordermap 0.2.10 (registry+https://github.com/rust-lang/crates.io-index)",
 "pretty_assertions 0.2.1 (registry+https://github.com/rust-lang/crates.io-index)",
 "quote 0.3.15 (registry+https://github.com/rust-lang/crates.io-index)",
 "syn 0.10.6 (registry+https://github.com/rust-lang/crates.io-index)",
]

[[package]]
name = "difference"
version = "1.0.0"
source = "registry+https://github.com/rust-lang/crates.io-index"

[[package]]
name = "glob"
version = "0.2.11"
source = "registry+https://github.com/rust-lang/crates.io-index"

[[package]]
name = "ordermap"
version = "0.2.10"
source = "registry+https://github.com/rust-lang/crates.io-index"

[[package]]
name = "pretty_assertions"
version = "0.2.1"
source = "registry+https://github.com/rust-lang/crates.io-index"
dependencies = [
 "difference 1.0.0 (registry+https://github.com/rust-lang/crates.io-index)",
]

[[package]]
name = "quote"
version = "0.3.15"
source = "registry+https://github.com/rust-lang/crates.io-index"

[[package]]
name = "syn"
version = "0.10.6"
source = "registry+https://github.com/rust-lang/crates.io-index"
dependencies = [
 "quote 0.3.15 (registry+https://github.com/rust-lang/crates.io-index)",
 "unicode-xid 0.0.3 (registry+https://github.com/rust-lang/crates.io-index)",
]

[[package]]
name = "unicode-xid"
version = "0.0.3"
source = "registry+https://github.com/rust-lang/crates.io-index"

[metadata]
"checksum difference 1.0.0 (registry+https://github.com/rust-lang/crates.io-index)" = "b3304d19798a8e067e48d8e69b2c37f0b5e9b4e462504ad9e27e9f3fce02bba8"
"checksum glob 0.2.11 (registry+https://github.com/rust-lang/crates.io-index)" = "8be18de09a56b60ed0edf84bc9df007e30040691af7acd1c41874faac5895bfb"
"checksum ordermap 0.2.10 (registry+https://github.com/rust-lang/crates.io-index)" = "c036a53e6bb62d7eee2edf7e087df56fd84c7bbae6a0bd93c2b9f54bddf62e03"
"checksum pretty_assertions 0.2.1 (registry+https://github.com/rust-lang/crates.io-index)" = "1d510007841e87c7a6d829a36f7f0acb72aef12e38cc89073fe39810c1d976ac"
"checksum quote 0.3.15 (registry+https://github.com/rust-lang/crates.io-index)" = "7a6e920b65c65f10b2ae65c831a81a073a89edd28c7cce89475bff467ab4167a"
"checksum syn 0.10.6 (registry+https://github.com/rust-lang/crates.io-index)" = "17134635792e6a2361f53efbee798701796d8b5842c1c21b7cdb875e2950c8fc"
"checksum unicode-xid 0.0.3 (registry+https://github.com/rust-lang/crates.io-index)" = "36dff09cafb4ec7c8cf0023eb0b686cb6ce65499116a12201c9e11840ca01beb"
