[root]
name = "descartes"
version = "0.1.0"
dependencies = [
 "clippy 0.0.96 (registry+https://github.com/rust-lang/crates.io-index)",
 "nalgebra 0.9.0 (registry+https://github.com/rust-lang/crates.io-index)",
 "ncollide_transformation 0.5.0 (registry+https://github.com/rust-lang/crates.io-index)",
 "ordered-float 0.3.0 (registry+https://github.com/rust-lang/crates.io-index)",
]

[[package]]
name = "clippy"
version = "0.0.96"
source = "registry+https://github.com/rust-lang/crates.io-index"
dependencies = [
 "clippy_lints 0.0.96 (registry+https://github.com/rust-lang/crates.io-index)",
]

[[package]]
name = "clippy_lints"
version = "0.0.96"
source = "registry+https://github.com/rust-lang/crates.io-index"
dependencies = [
 "matches 0.1.3 (registry+https://github.com/rust-lang/crates.io-index)",
 "quine-mc_cluskey 0.2.4 (registry+https://github.com/rust-lang/crates.io-index)",
 "regex-syntax 0.3.9 (registry+https://github.com/rust-lang/crates.io-index)",
 "rustc-serialize 0.3.19 (registry+https://github.com/rust-lang/crates.io-index)",
 "semver 0.2.3 (registry+https://github.com/rust-lang/crates.io-index)",
 "toml 0.1.30 (registry+https://github.com/rust-lang/crates.io-index)",
 "unicode-normalization 0.1.2 (registry+https://github.com/rust-lang/crates.io-index)",
]

[[package]]
name = "libc"
version = "0.2.17"
source = "registry+https://github.com/rust-lang/crates.io-index"

[[package]]
name = "matches"
version = "0.1.3"
source = "registry+https://github.com/rust-lang/crates.io-index"

[[package]]
name = "nalgebra"
version = "0.9.0"
source = "registry+https://github.com/rust-lang/crates.io-index"
dependencies = [
 "num 0.1.36 (registry+https://github.com/rust-lang/crates.io-index)",
 "rand 0.3.14 (registry+https://github.com/rust-lang/crates.io-index)",
 "rustc-serialize 0.3.19 (registry+https://github.com/rust-lang/crates.io-index)",
]

[[package]]
name = "ncollide_geometry"
version = "0.2.0"
source = "registry+https://github.com/rust-lang/crates.io-index"
dependencies = [
 "nalgebra 0.9.0 (registry+https://github.com/rust-lang/crates.io-index)",
 "ncollide_math 0.5.0 (registry+https://github.com/rust-lang/crates.io-index)",
 "ncollide_utils 0.5.0 (registry+https://github.com/rust-lang/crates.io-index)",
 "num 0.1.36 (registry+https://github.com/rust-lang/crates.io-index)",
 "rustc-serialize 0.3.19 (registry+https://github.com/rust-lang/crates.io-index)",
]

[[package]]
name = "ncollide_math"
version = "0.5.0"
source = "registry+https://github.com/rust-lang/crates.io-index"
dependencies = [
 "nalgebra 0.9.0 (registry+https://github.com/rust-lang/crates.io-index)",
 "num 0.1.36 (registry+https://github.com/rust-lang/crates.io-index)",
 "rand 0.3.14 (registry+https://github.com/rust-lang/crates.io-index)",
 "rustc-serialize 0.3.19 (registry+https://github.com/rust-lang/crates.io-index)",
]

[[package]]
name = "ncollide_procedural"
version = "0.5.0"
source = "registry+https://github.com/rust-lang/crates.io-index"
dependencies = [
 "nalgebra 0.9.0 (registry+https://github.com/rust-lang/crates.io-index)",
 "ncollide_math 0.5.0 (registry+https://github.com/rust-lang/crates.io-index)",
 "ncollide_utils 0.5.0 (registry+https://github.com/rust-lang/crates.io-index)",
 "num 0.1.36 (registry+https://github.com/rust-lang/crates.io-index)",
 "rustc-serialize 0.3.19 (registry+https://github.com/rust-lang/crates.io-index)",
]

[[package]]
name = "ncollide_transformation"
version = "0.5.0"
source = "registry+https://github.com/rust-lang/crates.io-index"
dependencies = [
 "nalgebra 0.9.0 (registry+https://github.com/rust-lang/crates.io-index)",
 "ncollide_geometry 0.2.0 (registry+https://github.com/rust-lang/crates.io-index)",
 "ncollide_math 0.5.0 (registry+https://github.com/rust-lang/crates.io-index)",
 "ncollide_procedural 0.5.0 (registry+https://github.com/rust-lang/crates.io-index)",
 "ncollide_utils 0.5.0 (registry+https://github.com/rust-lang/crates.io-index)",
 "num 0.1.36 (registry+https://github.com/rust-lang/crates.io-index)",
 "rustc-serialize 0.3.19 (registry+https://github.com/rust-lang/crates.io-index)",
]

[[package]]
name = "ncollide_utils"
version = "0.5.0"
source = "registry+https://github.com/rust-lang/crates.io-index"
dependencies = [
 "nalgebra 0.9.0 (registry+https://github.com/rust-lang/crates.io-index)",
 "ncollide_math 0.5.0 (registry+https://github.com/rust-lang/crates.io-index)",
 "num 0.1.36 (registry+https://github.com/rust-lang/crates.io-index)",
 "rand 0.3.14 (registry+https://github.com/rust-lang/crates.io-index)",
 "rustc-serialize 0.3.19 (registry+https://github.com/rust-lang/crates.io-index)",
]

[[package]]
name = "nom"
version = "1.2.4"
source = "registry+https://github.com/rust-lang/crates.io-index"

[[package]]
name = "num"
version = "0.1.36"
source = "registry+https://github.com/rust-lang/crates.io-index"
dependencies = [
 "num-bigint 0.1.35 (registry+https://github.com/rust-lang/crates.io-index)",
 "num-complex 0.1.35 (registry+https://github.com/rust-lang/crates.io-index)",
 "num-integer 0.1.32 (registry+https://github.com/rust-lang/crates.io-index)",
 "num-iter 0.1.32 (registry+https://github.com/rust-lang/crates.io-index)",
 "num-rational 0.1.35 (registry+https://github.com/rust-lang/crates.io-index)",
 "num-traits 0.1.36 (registry+https://github.com/rust-lang/crates.io-index)",
]

[[package]]
name = "num-bigint"
version = "0.1.35"
source = "registry+https://github.com/rust-lang/crates.io-index"
dependencies = [
 "num-integer 0.1.32 (registry+https://github.com/rust-lang/crates.io-index)",
 "num-traits 0.1.36 (registry+https://github.com/rust-lang/crates.io-index)",
 "rand 0.3.14 (registry+https://github.com/rust-lang/crates.io-index)",
 "rustc-serialize 0.3.19 (registry+https://github.com/rust-lang/crates.io-index)",
]

[[package]]
name = "num-complex"
version = "0.1.35"
source = "registry+https://github.com/rust-lang/crates.io-index"
dependencies = [
 "num-traits 0.1.36 (registry+https://github.com/rust-lang/crates.io-index)",
 "rustc-serialize 0.3.19 (registry+https://github.com/rust-lang/crates.io-index)",
]

[[package]]
name = "num-integer"
version = "0.1.32"
source = "registry+https://github.com/rust-lang/crates.io-index"
dependencies = [
 "num-traits 0.1.36 (registry+https://github.com/rust-lang/crates.io-index)",
]

[[package]]
name = "num-iter"
version = "0.1.32"
source = "registry+https://github.com/rust-lang/crates.io-index"
dependencies = [
 "num-integer 0.1.32 (registry+https://github.com/rust-lang/crates.io-index)",
 "num-traits 0.1.36 (registry+https://github.com/rust-lang/crates.io-index)",
]

[[package]]
name = "num-rational"
version = "0.1.35"
source = "registry+https://github.com/rust-lang/crates.io-index"
dependencies = [
 "num-bigint 0.1.35 (registry+https://github.com/rust-lang/crates.io-index)",
 "num-integer 0.1.32 (registry+https://github.com/rust-lang/crates.io-index)",
 "num-traits 0.1.36 (registry+https://github.com/rust-lang/crates.io-index)",
 "rustc-serialize 0.3.19 (registry+https://github.com/rust-lang/crates.io-index)",
]

[[package]]
name = "num-traits"
version = "0.1.36"
source = "registry+https://github.com/rust-lang/crates.io-index"

[[package]]
name = "ordered-float"
version = "0.3.0"
source = "registry+https://github.com/rust-lang/crates.io-index"
dependencies = [
 "num-traits 0.1.36 (registry+https://github.com/rust-lang/crates.io-index)",
 "unreachable 0.1.1 (registry+https://github.com/rust-lang/crates.io-index)",
]

[[package]]
name = "quine-mc_cluskey"
version = "0.2.4"
source = "registry+https://github.com/rust-lang/crates.io-index"

[[package]]
name = "rand"
version = "0.3.14"
source = "registry+https://github.com/rust-lang/crates.io-index"
dependencies = [
 "libc 0.2.17 (registry+https://github.com/rust-lang/crates.io-index)",
]

[[package]]
name = "regex-syntax"
version = "0.3.9"
source = "registry+https://github.com/rust-lang/crates.io-index"

[[package]]
name = "rustc-serialize"
version = "0.3.19"
source = "registry+https://github.com/rust-lang/crates.io-index"

[[package]]
name = "semver"
version = "0.2.3"
source = "registry+https://github.com/rust-lang/crates.io-index"
dependencies = [
 "nom 1.2.4 (registry+https://github.com/rust-lang/crates.io-index)",
]

[[package]]
name = "toml"
version = "0.1.30"
source = "registry+https://github.com/rust-lang/crates.io-index"
dependencies = [
 "rustc-serialize 0.3.19 (registry+https://github.com/rust-lang/crates.io-index)",
]

[[package]]
name = "unicode-normalization"
version = "0.1.2"
source = "registry+https://github.com/rust-lang/crates.io-index"

[[package]]
name = "unreachable"
version = "0.1.1"
source = "registry+https://github.com/rust-lang/crates.io-index"
dependencies = [
 "void 1.0.2 (registry+https://github.com/rust-lang/crates.io-index)",
]

[[package]]
name = "void"
version = "1.0.2"
source = "registry+https://github.com/rust-lang/crates.io-index"

[metadata]
"checksum clippy 0.0.96 (registry+https://github.com/rust-lang/crates.io-index)" = "6eacf01b0aad84a0817703498f72d252df7c0faf6a5b86d0be4265f1829e459f"
"checksum clippy_lints 0.0.96 (registry+https://github.com/rust-lang/crates.io-index)" = "a49960c9aab544ce86b004dcb61620e8b898fea5fc0f697a028f460f48221ed6"
"checksum libc 0.2.17 (registry+https://github.com/rust-lang/crates.io-index)" = "044d1360593a78f5c8e5e710beccdc24ab71d1f01bc19a29bcacdba22e8475d8"
"checksum matches 0.1.3 (registry+https://github.com/rust-lang/crates.io-index)" = "bcc3ad8109fa4b522f9b0cd81440422781f564aaf8c195de6b9d6642177ad0dd"
"checksum nalgebra 0.9.0 (registry+https://github.com/rust-lang/crates.io-index)" = "a962b5bbc0c281a284e419a118f781754ed5efeb703953d9a6a790d7f5e1dff8"
"checksum ncollide_geometry 0.2.0 (registry+https://github.com/rust-lang/crates.io-index)" = "d9c334eb688c4fb9b6c7adab7d55d79ce21da8d99c62dfc3c17c9ebe9ca8c023"
"checksum ncollide_math 0.5.0 (registry+https://github.com/rust-lang/crates.io-index)" = "02b6d034e51e69922eb3940f74426833efc9683ab9c2f58554f49a0461785ddb"
"checksum ncollide_procedural 0.5.0 (registry+https://github.com/rust-lang/crates.io-index)" = "6a6bedec3151af064dbecad8d4ff5bcb3287fb7638de03411deb0a5d561afc0c"
"checksum ncollide_transformation 0.5.0 (registry+https://github.com/rust-lang/crates.io-index)" = "d42d72529ccf1e4da2a2ca9c82039dc844c4545ec0e32cc119155ed8737014b7"
"checksum ncollide_utils 0.5.0 (registry+https://github.com/rust-lang/crates.io-index)" = "e0412991c538247fb40e50670735040ab43435f1b6fd0efbc7d568e25a8766be"
"checksum nom 1.2.4 (registry+https://github.com/rust-lang/crates.io-index)" = "a5b8c256fd9471521bcb84c3cdba98921497f1a331cbc15b8030fc63b82050ce"
"checksum num 0.1.36 (registry+https://github.com/rust-lang/crates.io-index)" = "bde7c03b09e7c6a301ee81f6ddf66d7a28ec305699e3d3b056d2fc56470e3120"
"checksum num-bigint 0.1.35 (registry+https://github.com/rust-lang/crates.io-index)" = "88b14378471f7c2adc5262f05b4701ef53e8da376453a8d8fee48e51db745e49"
"checksum num-complex 0.1.35 (registry+https://github.com/rust-lang/crates.io-index)" = "f0c78e054dd19c3fd03419ade63fa661e9c49bb890ce3beb4eee5b7baf93f92f"
"checksum num-integer 0.1.32 (registry+https://github.com/rust-lang/crates.io-index)" = "fb24d9bfb3f222010df27995441ded1e954f8f69cd35021f6bef02ca9552fb92"
"checksum num-iter 0.1.32 (registry+https://github.com/rust-lang/crates.io-index)" = "287a1c9969a847055e1122ec0ea7a5c5d6f72aad97934e131c83d5c08ab4e45c"
"checksum num-rational 0.1.35 (registry+https://github.com/rust-lang/crates.io-index)" = "54ff603b8334a72fbb27fe66948aac0abaaa40231b3cecd189e76162f6f38aaf"
"checksum num-traits 0.1.36 (registry+https://github.com/rust-lang/crates.io-index)" = "a16a42856a256b39c6d3484f097f6713e14feacd9bfb02290917904fae46c81c"
"checksum ordered-float 0.3.0 (registry+https://github.com/rust-lang/crates.io-index)" = "37b8eade67f6fdf7e4049744d5439cfbfd33b684ef8991da4265eb5d5c9fb550"
"checksum quine-mc_cluskey 0.2.4 (registry+https://github.com/rust-lang/crates.io-index)" = "07589615d719a60c8dd8a4622e7946465dfef20d1a428f969e3443e7386d5f45"
"checksum rand 0.3.14 (registry+https://github.com/rust-lang/crates.io-index)" = "2791d88c6defac799c3f20d74f094ca33b9332612d9aef9078519c82e4fe04a5"
"checksum regex-syntax 0.3.9 (registry+https://github.com/rust-lang/crates.io-index)" = "f9ec002c35e86791825ed294b50008eea9ddfc8def4420124fbc6b08db834957"
"checksum rustc-serialize 0.3.19 (registry+https://github.com/rust-lang/crates.io-index)" = "6159e4e6e559c81bd706afe9c8fd68f547d3e851ce12e76b1de7914bab61691b"
"checksum semver 0.2.3 (registry+https://github.com/rust-lang/crates.io-index)" = "2d5b7638a1f03815d94e88cb3b3c08e87f0db4d683ef499d1836aaf70a45623f"
"checksum toml 0.1.30 (registry+https://github.com/rust-lang/crates.io-index)" = "0590d72182e50e879c4da3b11c6488dae18fccb1ae0c7a3eda18e16795844796"
"checksum unicode-normalization 0.1.2 (registry+https://github.com/rust-lang/crates.io-index)" = "26643a2f83bac55f1976fb716c10234485f9202dcd65cfbdf9da49867b271172"
"checksum unreachable 0.1.1 (registry+https://github.com/rust-lang/crates.io-index)" = "1f2ae5ddb18e1c92664717616dd9549dde73f539f01bd7b77c2edb2446bdff91"
"checksum void 1.0.2 (registry+https://github.com/rust-lang/crates.io-index)" = "6a02e4885ed3bc0f2de90ea6dd45ebcbb66dacffe03547fadbb0eeae2770887d"
