// !$*UTF8*$!
{
	archiveVersion = 1;
	classes = {
	};
	objectVersion = 46;
	objects = {

/* Begin PBXBuildFile section */
		438990711E2436980047DB60 /* Assets.xcassets in Resources */ = {isa = PBXBuildFile; fileRef = 438990701E2436980047DB60 /* Assets.xcassets */; };
		438990741E2436980047DB60 /* MainMenu.xib in Resources */ = {isa = PBXBuildFile; fileRef = 438990721E2436980047DB60 /* MainMenu.xib */; };
		4389907C1E2437330047DB60 /* main.swift in Sources */ = {isa = PBXBuildFile; fileRef = 4389907B1E2437330047DB60 /* main.swift */; };
		43B98AAF1E244E0E00EDEA96 /* citybound in Resources */ = {isa = PBXBuildFile; fileRef = 43B98AAE1E244E0D00EDEA96 /* citybound */; };
/* End PBXBuildFile section */

/* Begin PBXContainerItemProxy section */
		438990811E2438AD0047DB60 /* PBXContainerItemProxy */ = {
			isa = PBXContainerItemProxy;
			containerPortal = 438990631E2436980047DB60 /* Project object */;
			proxyType = 1;
			remoteGlobalIDString = 4389907D1E2438540047DB60;
			remoteInfo = "citybound-rust";
		};
/* End PBXContainerItemProxy section */

/* Begin PBXFileReference section */
		4389906B1E2436980047DB60 /* citybound.app */ = {isa = PBXFileReference; explicitFileType = wrapper.application; includeInIndex = 0; path = citybound.app; sourceTree = BUILT_PRODUCTS_DIR; };
		438990701E2436980047DB60 /* Assets.xcassets */ = {isa = PBXFileReference; lastKnownFileType = folder.assetcatalog; path = Assets.xcassets; sourceTree = "<group>"; };
		438990731E2436980047DB60 /* Base */ = {isa = PBXFileReference; lastKnownFileType = file.xib; name = Base; path = Base.lproj/MainMenu.xib; sourceTree = "<group>"; };
		438990751E2436980047DB60 /* Info.plist */ = {isa = PBXFileReference; lastKnownFileType = text.plist.xml; path = Info.plist; sourceTree = "<group>"; };
		4389907B1E2437330047DB60 /* main.swift */ = {isa = PBXFileReference; fileEncoding = 4; lastKnownFileType = sourcecode.swift; path = main.swift; sourceTree = "<group>"; };
		43B98AAE1E244E0D00EDEA96 /* citybound */ = {isa = PBXFileReference; lastKnownFileType = "compiled.mach-o.executable"; name = citybound; path = ../../../target/release/citybound; sourceTree = "<group>"; };
/* End PBXFileReference section */

/* Begin PBXFrameworksBuildPhase section */
		438990681E2436980047DB60 /* Frameworks */ = {
			isa = PBXFrameworksBuildPhase;
			buildActionMask = 2147483647;
			files = (
			);
			runOnlyForDeploymentPostprocessing = 0;
		};
/* End PBXFrameworksBuildPhase section */

/* Begin PBXGroup section */
		435F49A01E243DA600B1E2E3 /* rust-bin */ = {
			isa = PBXGroup;
			children = (
				43B98AAE1E244E0D00EDEA96 /* citybound */,
			);
			name = "rust-bin";
			sourceTree = "<group>";
		};
		438990621E2436980047DB60 = {
			isa = PBXGroup;
			children = (
				435F49A01E243DA600B1E2E3 /* rust-bin */,
				4389906D1E2436980047DB60 /* citybound */,
				4389906C1E2436980047DB60 /* Products */,
			);
			sourceTree = "<group>";
		};
		4389906C1E2436980047DB60 /* Products */ = {
			isa = PBXGroup;
			children = (
				4389906B1E2436980047DB60 /* citybound.app */,
			);
			name = Products;
			sourceTree = "<group>";
		};
		4389906D1E2436980047DB60 /* citybound */ = {
			isa = PBXGroup;
			children = (
				438990701E2436980047DB60 /* Assets.xcassets */,
				438990721E2436980047DB60 /* MainMenu.xib */,
				438990751E2436980047DB60 /* Info.plist */,
				4389907B1E2437330047DB60 /* main.swift */,
			);
			path = citybound;
			sourceTree = "<group>";
		};
/* End PBXGroup section */

/* Begin PBXLegacyTarget section */
		4389907D1E2438540047DB60 /* citybound-rust */ = {
			isa = PBXLegacyTarget;
			buildArgumentsString = "build --release";
			buildConfigurationList = 4389907E1E2438540047DB60 /* Build configuration list for PBXLegacyTarget "citybound-rust" */;
			buildPhases = (
			);
			buildToolPath = /Users/anselm/.cargo/bin/cargo;
			buildWorkingDirectory = ../../..;
			dependencies = (
			);
			name = "citybound-rust";
			passBuildSettingsInEnvironment = 1;
			productName = "citybound-rust";
		};
/* End PBXLegacyTarget section */

/* Begin PBXNativeTarget section */
		4389906A1E2436980047DB60 /* citybound */ = {
			isa = PBXNativeTarget;
			buildConfigurationList = 438990781E2436980047DB60 /* Build configuration list for PBXNativeTarget "citybound" */;
			buildPhases = (
				438990671E2436980047DB60 /* Sources */,
				438990681E2436980047DB60 /* Frameworks */,
				438990691E2436980047DB60 /* Resources */,
			);
			buildRules = (
			);
			dependencies = (
				438990821E2438AD0047DB60 /* PBXTargetDependency */,
			);
			name = citybound;
			productName = citybound;
			productReference = 4389906B1E2436980047DB60 /* citybound.app */;
			productType = "com.apple.product-type.application";
		};
/* End PBXNativeTarget section */

/* Begin PBXProject section */
		438990631E2436980047DB60 /* Project object */ = {
			isa = PBXProject;
			attributes = {
				LastSwiftUpdateCheck = 0800;
				LastUpgradeCheck = 0800;
				ORGANIZATIONNAME = "Anselm Eickhoff";
				TargetAttributes = {
					4389906A1E2436980047DB60 = {
						CreatedOnToolsVersion = 8.0;
						ProvisioningStyle = Automatic;
					};
					4389907D1E2438540047DB60 = {
						CreatedOnToolsVersion = 8.0;
						ProvisioningStyle = Automatic;
					};
				};
			};
			buildConfigurationList = 438990661E2436980047DB60 /* Build configuration list for PBXProject "citybound" */;
			compatibilityVersion = "Xcode 3.2";
			developmentRegion = English;
			hasScannedForEncodings = 0;
			knownRegions = (
				en,
				Base,
			);
			mainGroup = 438990621E2436980047DB60;
			productRefGroup = 4389906C1E2436980047DB60 /* Products */;
			projectDirPath = "";
			projectRoot = "";
			targets = (
				4389906A1E2436980047DB60 /* citybound */,
				4389907D1E2438540047DB60 /* citybound-rust */,
			);
		};
/* End PBXProject section */

/* Begin PBXResourcesBuildPhase section */
		438990691E2436980047DB60 /* Resources */ = {
			isa = PBXResourcesBuildPhase;
			buildActionMask = 2147483647;
			files = (
				43B98AAF1E244E0E00EDEA96 /* citybound in Resources */,
				438990711E2436980047DB60 /* Assets.xcassets in Resources */,
				438990741E2436980047DB60 /* MainMenu.xib in Resources */,
			);
			runOnlyForDeploymentPostprocessing = 0;
		};
/* End PBXResourcesBuildPhase section */

/* Begin PBXSourcesBuildPhase section */
		438990671E2436980047DB60 /* Sources */ = {
			isa = PBXSourcesBuildPhase;
			buildActionMask = 2147483647;
			files = (
				4389907C1E2437330047DB60 /* main.swift in Sources */,
			);
			runOnlyForDeploymentPostprocessing = 0;
		};
/* End PBXSourcesBuildPhase section */

/* Begin PBXTargetDependency section */
		438990821E2438AD0047DB60 /* PBXTargetDependency */ = {
			isa = PBXTargetDependency;
			target = 4389907D1E2438540047DB60 /* citybound-rust */;
			targetProxy = 438990811E2438AD0047DB60 /* PBXContainerItemProxy */;
		};
/* End PBXTargetDependency section */

/* Begin PBXVariantGroup section */
		438990721E2436980047DB60 /* MainMenu.xib */ = {
			isa = PBXVariantGroup;
			children = (
				438990731E2436980047DB60 /* Base */,
			);
			name = MainMenu.xib;
			sourceTree = "<group>";
		};
/* End PBXVariantGroup section */

/* Begin XCBuildConfiguration section */
		438990761E2436980047DB60 /* Debug */ = {
			isa = XCBuildConfiguration;
			buildSettings = {
				ALWAYS_SEARCH_USER_PATHS = NO;
				CLANG_ANALYZER_NONNULL = YES;
				CLANG_CXX_LANGUAGE_STANDARD = "gnu++0x";
				CLANG_CXX_LIBRARY = "libc++";
				CLANG_ENABLE_MODULES = YES;
				CLANG_ENABLE_OBJC_ARC = YES;
				CLANG_WARN_BOOL_CONVERSION = YES;
				CLANG_WARN_CONSTANT_CONVERSION = YES;
				CLANG_WARN_DIRECT_OBJC_ISA_USAGE = YES_ERROR;
				CLANG_WARN_DOCUMENTATION_COMMENTS = YES;
				CLANG_WARN_EMPTY_BODY = YES;
				CLANG_WARN_ENUM_CONVERSION = YES;
				CLANG_WARN_INFINITE_RECURSION = YES;
				CLANG_WARN_INT_CONVERSION = YES;
				CLANG_WARN_OBJC_ROOT_CLASS = YES_ERROR;
				CLANG_WARN_SUSPICIOUS_MOVES = YES;
				CLANG_WARN_UNREACHABLE_CODE = YES;
				CLANG_WARN__DUPLICATE_METHOD_MATCH = YES;
				CODE_SIGN_IDENTITY = "-";
				COPY_PHASE_STRIP = NO;
				DEBUG_INFORMATION_FORMAT = dwarf;
				ENABLE_STRICT_OBJC_MSGSEND = YES;
				ENABLE_TESTABILITY = YES;
				GCC_C_LANGUAGE_STANDARD = gnu99;
				GCC_DYNAMIC_NO_PIC = NO;
				GCC_NO_COMMON_BLOCKS = YES;
				GCC_OPTIMIZATION_LEVEL = 0;
				GCC_PREPROCESSOR_DEFINITIONS = (
					"DEBUG=1",
					"$(inherited)",
				);
				GCC_WARN_64_TO_32_BIT_CONVERSION = YES;
				GCC_WARN_ABOUT_RETURN_TYPE = YES_ERROR;
				GCC_WARN_UNDECLARED_SELECTOR = YES;
				GCC_WARN_UNINITIALIZED_AUTOS = YES_AGGRESSIVE;
				GCC_WARN_UNUSED_FUNCTION = YES;
				GCC_WARN_UNUSED_VARIABLE = YES;
				MACOSX_DEPLOYMENT_TARGET = 10.12;
				MTL_ENABLE_DEBUG_INFO = YES;
				ONLY_ACTIVE_ARCH = YES;
				SDKROOT = macosx;
				SWIFT_ACTIVE_COMPILATION_CONDITIONS = DEBUG;
				SWIFT_OPTIMIZATION_LEVEL = "-Onone";
			};
			name = Debug;
		};
		438990771E2436980047DB60 /* Release */ = {
			isa = XCBuildConfiguration;
			buildSettings = {
				ALWAYS_SEARCH_USER_PATHS = NO;
				CLANG_ANALYZER_NONNULL = YES;
				CLANG_CXX_LANGUAGE_STANDARD = "gnu++0x";
				CLANG_CXX_LIBRARY = "libc++";
				CLANG_ENABLE_MODULES = YES;
				CLANG_ENABLE_OBJC_ARC = YES;
				CLANG_WARN_BOOL_CONVERSION = YES;
				CLANG_WARN_CONSTANT_CONVERSION = YES;
				CLANG_WARN_DIRECT_OBJC_ISA_USAGE = YES_ERROR;
				CLANG_WARN_DOCUMENTATION_COMMENTS = YES;
				CLANG_WARN_EMPTY_BODY = YES;
				CLANG_WARN_ENUM_CONVERSION = YES;
				CLANG_WARN_INFINITE_RECURSION = YES;
				CLANG_WARN_INT_CONVERSION = YES;
				CLANG_WARN_OBJC_ROOT_CLASS = YES_ERROR;
				CLANG_WARN_SUSPICIOUS_MOVES = YES;
				CLANG_WARN_UNREACHABLE_CODE = YES;
				CLANG_WARN__DUPLICATE_METHOD_MATCH = YES;
				CODE_SIGN_IDENTITY = "-";
				COPY_PHASE_STRIP = NO;
				DEBUG_INFORMATION_FORMAT = "dwarf-with-dsym";
				ENABLE_NS_ASSERTIONS = NO;
				ENABLE_STRICT_OBJC_MSGSEND = YES;
				GCC_C_LANGUAGE_STANDARD = gnu99;
				GCC_NO_COMMON_BLOCKS = YES;
				GCC_WARN_64_TO_32_BIT_CONVERSION = YES;
				GCC_WARN_ABOUT_RETURN_TYPE = YES_ERROR;
				GCC_WARN_UNDECLARED_SELECTOR = YES;
				GCC_WARN_UNINITIALIZED_AUTOS = YES_AGGRESSIVE;
				GCC_WARN_UNUSED_FUNCTION = YES;
				GCC_WARN_UNUSED_VARIABLE = YES;
				MACOSX_DEPLOYMENT_TARGET = 10.12;
				MTL_ENABLE_DEBUG_INFO = NO;
				SDKROOT = macosx;
				SWIFT_OPTIMIZATION_LEVEL = "-Owholemodule";
			};
			name = Release;
		};
		438990791E2436980047DB60 /* Debug */ = {
			isa = XCBuildConfiguration;
			buildSettings = {
				ASSETCATALOG_COMPILER_APPICON_NAME = AppIcon;
				COMBINE_HIDPI_IMAGES = YES;
				INFOPLIST_FILE = citybound/Info.plist;
				LD_RUNPATH_SEARCH_PATHS = "$(inherited) @executable_path/../Frameworks";
				MACOSX_DEPLOYMENT_TARGET = 10.9;
				PRODUCT_BUNDLE_IDENTIFIER = co.aeplay.citybound;
				PRODUCT_NAME = "$(TARGET_NAME)";
				SWIFT_VERSION = 3.0;
			};
			name = Debug;
		};
		4389907A1E2436980047DB60 /* Release */ = {
			isa = XCBuildConfiguration;
			buildSettings = {
				ASSETCATALOG_COMPILER_APPICON_NAME = AppIcon;
				COMBINE_HIDPI_IMAGES = YES;
				INFOPLIST_FILE = citybound/Info.plist;
				LD_RUNPATH_SEARCH_PATHS = "$(inherited) @executable_path/../Frameworks";
				MACOSX_DEPLOYMENT_TARGET = 10.9;
				PRODUCT_BUNDLE_IDENTIFIER = co.aeplay.citybound;
				PRODUCT_NAME = "$(TARGET_NAME)";
				SWIFT_VERSION = 3.0;
			};
			name = Release;
		};
		4389907F1E2438540047DB60 /* Debug */ = {
			isa = XCBuildConfiguration;
			buildSettings = {
				DEBUGGING_SYMBOLS = YES;
				DEBUG_INFORMATION_FORMAT = dwarf;
				GCC_GENERATE_DEBUGGING_SYMBOLS = YES;
				GCC_OPTIMIZATION_LEVEL = 0;
				OTHER_CFLAGS = "";
				OTHER_LDFLAGS = "";
				PRODUCT_NAME = "$(TARGET_NAME)";
			};
			name = Debug;
		};
		438990801E2438540047DB60 /* Release */ = {
			isa = XCBuildConfiguration;
			buildSettings = {
				DEBUG_INFORMATION_FORMAT = "dwarf-with-dsym";
				OTHER_CFLAGS = "";
				OTHER_LDFLAGS = "";
				PRODUCT_NAME = "$(TARGET_NAME)";
			};
			name = Release;
		};
/* End XCBuildConfiguration section */

/* Begin XCConfigurationList section */
		438990661E2436980047DB60 /* Build configuration list for PBXProject "citybound" */ = {
			isa = XCConfigurationList;
			buildConfigurations = (
				438990761E2436980047DB60 /* Debug */,
				438990771E2436980047DB60 /* Release */,
			);
			defaultConfigurationIsVisible = 0;
			defaultConfigurationName = Release;
		};
		438990781E2436980047DB60 /* Build configuration list for PBXNativeTarget "citybound" */ = {
			isa = XCConfigurationList;
			buildConfigurations = (
				438990791E2436980047DB60 /* Debug */,
				4389907A1E2436980047DB60 /* Release */,
			);
			defaultConfigurationIsVisible = 0;
			defaultConfigurationName = Release;
		};
		4389907E1E2438540047DB60 /* Build configuration list for PBXLegacyTarget "citybound-rust" */ = {
			isa = XCConfigurationList;
			buildConfigurations = (
				4389907F1E2438540047DB60 /* Debug */,
				438990801E2438540047DB60 /* Release */,
			);
			defaultConfigurationIsVisible = 0;
			defaultConfigurationName = Release;
		};
/* End XCConfigurationList section */
	};
	rootObject = 438990631E2436980047DB60 /* Project object */;
}
